// !$*UTF8*$!
{
	archiveVersion = 1;
	classes = {
	};
	objectVersion = 77;
	objects = {

/* Begin PBXContainerItemProxy section */
		FC5D10182D3AB0B90075F3C1 /* PBXContainerItemProxy */ = {
			isa = PBXContainerItemProxy;
			containerPortal = FC5D0FFF2D3AB0B30075F3C1 /* Project object */;
			proxyType = 1;
			remoteGlobalIDString = FC5D10062D3AB0B30075F3C1;
			remoteInfo = "TDD Demo";
		};
		FC5D10222D3AB0B90075F3C1 /* PBXContainerItemProxy */ = {
			isa = PBXContainerItemProxy;
			containerPortal = FC5D0FFF2D3AB0B30075F3C1 /* Project object */;
			proxyType = 1;
			remoteGlobalIDString = FC5D10062D3AB0B30075F3C1;
			remoteInfo = "TDD Demo";
		};
/* End PBXContainerItemProxy section */

/* Begin PBXFileReference section */
		FC5D10072D3AB0B30075F3C1 /* TDD Demo.app */ = {isa = PBXFileReference; explicitFileType = wrapper.application; includeInIndex = 0; path = "TDD Demo.app"; sourceTree = BUILT_PRODUCTS_DIR; };
		FC5D10172D3AB0B90075F3C1 /* TDD DemoTests.xctest */ = {isa = PBXFileReference; explicitFileType = wrapper.cfbundle; includeInIndex = 0; path = "TDD DemoTests.xctest"; sourceTree = BUILT_PRODUCTS_DIR; };
		FC5D10212D3AB0B90075F3C1 /* TDD DemoUITests.xctest */ = {isa = PBXFileReference; explicitFileType = wrapper.cfbundle; includeInIndex = 0; path = "TDD DemoUITests.xctest"; sourceTree = BUILT_PRODUCTS_DIR; };
/* End PBXFileReference section */

/* Begin PBXFileSystemSynchronizedRootGroup section */
		FC5D10092D3AB0B30075F3C1 /* TDD Demo */ = {
			isa = PBXFileSystemSynchronizedRootGroup;
			path = "TDD Demo";
			sourceTree = "<group>";
		};
		FC5D101A2D3AB0B90075F3C1 /* TDD DemoTests */ = {
			isa = PBXFileSystemSynchronizedRootGroup;
			path = "TDD DemoTests";
			sourceTree = "<group>";
		};
		FC5D10242D3AB0B90075F3C1 /* TDD DemoUITests */ = {
			isa = PBXFileSystemSynchronizedRootGroup;
			path = "TDD DemoUITests";
			sourceTree = "<group>";
		};
/* End PBXFileSystemSynchronizedRootGroup section */

/* Begin PBXFrameworksBuildPhase section */
		FC5D10042D3AB0B30075F3C1 /* Frameworks */ = {
			isa = PBXFrameworksBuildPhase;
			buildActionMask = 2147483647;
			files = (
			);
			runOnlyForDeploymentPostprocessing = 0;
		};
		FC5D10142D3AB0B90075F3C1 /* Frameworks */ = {
			isa = PBXFrameworksBuildPhase;
			buildActionMask = 2147483647;
			files = (
			);
			runOnlyForDeploymentPostprocessing = 0;
		};
		FC5D101E2D3AB0B90075F3C1 /* Frameworks */ = {
			isa = PBXFrameworksBuildPhase;
			buildActionMask = 2147483647;
			files = (
			);
			runOnlyForDeploymentPostprocessing = 0;
		};
/* End PBXFrameworksBuildPhase section */

/* Begin PBXGroup section */
		FC5D0FFE2D3AB0B30075F3C1 = {
			isa = PBXGroup;
			children = (
				FC5D10092D3AB0B30075F3C1 /* TDD Demo */,
				FC5D101A2D3AB0B90075F3C1 /* TDD DemoTests */,
				FC5D10242D3AB0B90075F3C1 /* TDD DemoUITests */,
				FC5D10082D3AB0B30075F3C1 /* Products */,
			);
			sourceTree = "<group>";
		};
		FC5D10082D3AB0B30075F3C1 /* Products */ = {
			isa = PBXGroup;
			children = (
				FC5D10072D3AB0B30075F3C1 /* TDD Demo.app */,
				FC5D10172D3AB0B90075F3C1 /* TDD DemoTests.xctest */,
				FC5D10212D3AB0B90075F3C1 /* TDD DemoUITests.xctest */,
			);
			name = Products;
			sourceTree = "<group>";
		};
/* End PBXGroup section */

/* Begin PBXNativeTarget section */
		FC5D10062D3AB0B30075F3C1 /* TDD Demo */ = {
			isa = PBXNativeTarget;
			buildConfigurationList = FC5D102B2D3AB0B90075F3C1 /* Build configuration list for PBXNativeTarget "TDD Demo" */;
			buildPhases = (
				FC5D10032D3AB0B30075F3C1 /* Sources */,
				FC5D10042D3AB0B30075F3C1 /* Frameworks */,
				FC5D10052D3AB0B30075F3C1 /* Resources */,
			);
			buildRules = (
			);
			dependencies = (
			);
			fileSystemSynchronizedGroups = (
				FC5D10092D3AB0B30075F3C1 /* TDD Demo */,
			);
			name = "TDD Demo";
			packageProductDependencies = (
			);
			productName = "TDD Demo";
			productReference = FC5D10072D3AB0B30075F3C1 /* TDD Demo.app */;
			productType = "com.apple.product-type.application";
		};
		FC5D10162D3AB0B90075F3C1 /* TDD DemoTests */ = {
			isa = PBXNativeTarget;
			buildConfigurationList = FC5D102E2D3AB0B90075F3C1 /* Build configuration list for PBXNativeTarget "TDD DemoTests" */;
			buildPhases = (
				FC5D10132D3AB0B90075F3C1 /* Sources */,
				FC5D10142D3AB0B90075F3C1 /* Frameworks */,
				FC5D10152D3AB0B90075F3C1 /* Resources */,
			);
			buildRules = (
			);
			dependencies = (
				FC5D10192D3AB0B90075F3C1 /* PBXTargetDependency */,
			);
			fileSystemSynchronizedGroups = (
				FC5D101A2D3AB0B90075F3C1 /* TDD DemoTests */,
			);
			name = "TDD DemoTests";
			packageProductDependencies = (
			);
			productName = "TDD DemoTests";
			productReference = FC5D10172D3AB0B90075F3C1 /* TDD DemoTests.xctest */;
			productType = "com.apple.product-type.bundle.unit-test";
		};
		FC5D10202D3AB0B90075F3C1 /* TDD DemoUITests */ = {
			isa = PBXNativeTarget;
			buildConfigurationList = FC5D10312D3AB0B90075F3C1 /* Build configuration list for PBXNativeTarget "TDD DemoUITests" */;
			buildPhases = (
				FC5D101D2D3AB0B90075F3C1 /* Sources */,
				FC5D101E2D3AB0B90075F3C1 /* Frameworks */,
				FC5D101F2D3AB0B90075F3C1 /* Resources */,
			);
			buildRules = (
			);
			dependencies = (
				FC5D10232D3AB0B90075F3C1 /* PBXTargetDependency */,
			);
			fileSystemSynchronizedGroups = (
				FC5D10242D3AB0B90075F3C1 /* TDD DemoUITests */,
			);
			name = "TDD DemoUITests";
			packageProductDependencies = (
			);
			productName = "TDD DemoUITests";
			productReference = FC5D10212D3AB0B90075F3C1 /* TDD DemoUITests.xctest */;
			productType = "com.apple.product-type.bundle.ui-testing";
		};
/* End PBXNativeTarget section */

/* Begin PBXProject section */
		FC5D0FFF2D3AB0B30075F3C1 /* Project object */ = {
			isa = PBXProject;
			attributes = {
				BuildIndependentTargetsInParallel = 1;
				LastSwiftUpdateCheck = 1620;
				LastUpgradeCheck = 1620;
				TargetAttributes = {
					FC5D10062D3AB0B30075F3C1 = {
						CreatedOnToolsVersion = 16.2;
					};
					FC5D10162D3AB0B90075F3C1 = {
						CreatedOnToolsVersion = 16.2;
						TestTargetID = FC5D10062D3AB0B30075F3C1;
					};
					FC5D10202D3AB0B90075F3C1 = {
						CreatedOnToolsVersion = 16.2;
						TestTargetID = FC5D10062D3AB0B30075F3C1;
					};
				};
			};
			buildConfigurationList = FC5D10022D3AB0B30075F3C1 /* Build configuration list for PBXProject "TDD Demo" */;
			developmentRegion = en;
			hasScannedForEncodings = 0;
			knownRegions = (
				en,
				Base,
			);
			mainGroup = FC5D0FFE2D3AB0B30075F3C1;
			minimizedProjectReferenceProxies = 1;
			preferredProjectObjectVersion = 77;
			productRefGroup = FC5D10082D3AB0B30075F3C1 /* Products */;
			projectDirPath = "";
			projectRoot = "";
			targets = (
				FC5D10062D3AB0B30075F3C1 /* TDD Demo */,
				FC5D10162D3AB0B90075F3C1 /* TDD DemoTests */,
				FC5D10202D3AB0B90075F3C1 /* TDD DemoUITests */,
			);
		};
/* End PBXProject section */

/* Begin PBXResourcesBuildPhase section */
		FC5D10052D3AB0B30075F3C1 /* Resources */ = {
			isa = PBXResourcesBuildPhase;
			buildActionMask = 2147483647;
			files = (
			);
			runOnlyForDeploymentPostprocessing = 0;
		};
		FC5D10152D3AB0B90075F3C1 /* Resources */ = {
			isa = PBXResourcesBuildPhase;
			buildActionMask = 2147483647;
			files = (
			);
			runOnlyForDeploymentPostprocessing = 0;
		};
		FC5D101F2D3AB0B90075F3C1 /* Resources */ = {
			isa = PBXResourcesBuildPhase;
			buildActionMask = 2147483647;
			files = (
			);
			runOnlyForDeploymentPostprocessing = 0;
		};
/* End PBXResourcesBuildPhase section */

/* Begin PBXSourcesBuildPhase section */
		FC5D10032D3AB0B30075F3C1 /* Sources */ = {
			isa = PBXSourcesBuildPhase;
			buildActionMask = 2147483647;
			files = (
			);
			runOnlyForDeploymentPostprocessing = 0;
		};
		FC5D10132D3AB0B90075F3C1 /* Sources */ = {
			isa = PBXSourcesBuildPhase;
			buildActionMask = 2147483647;
			files = (
			);
			runOnlyForDeploymentPostprocessing = 0;
		};
		FC5D101D2D3AB0B90075F3C1 /* Sources */ = {
			isa = PBXSourcesBuildPhase;
			buildActionMask = 2147483647;
			files = (
			);
			runOnlyForDeploymentPostprocessing = 0;
		};
/* End PBXSourcesBuildPhase section */

/* Begin PBXTargetDependency section */
		FC5D10192D3AB0B90075F3C1 /* PBXTargetDependency */ = {
			isa = PBXTargetDependency;
			target = FC5D10062D3AB0B30075F3C1 /* TDD Demo */;
			targetProxy = FC5D10182D3AB0B90075F3C1 /* PBXContainerItemProxy */;
		};
		FC5D10232D3AB0B90075F3C1 /* PBXTargetDependency */ = {
			isa = PBXTargetDependency;
			target = FC5D10062D3AB0B30075F3C1 /* TDD Demo */;
			targetProxy = FC5D10222D3AB0B90075F3C1 /* PBXContainerItemProxy */;
		};
/* End PBXTargetDependency section */

/* Begin XCBuildConfiguration section */
		FC5D10292D3AB0B90075F3C1 /* Debug */ = {
			isa = XCBuildConfiguration;
			buildSettings = {
				ALWAYS_SEARCH_USER_PATHS = NO;
				ASSETCATALOG_COMPILER_GENERATE_SWIFT_ASSET_SYMBOL_EXTENSIONS = YES;
				CLANG_ANALYZER_NONNULL = YES;
				CLANG_ANALYZER_NUMBER_OBJECT_CONVERSION = YES_AGGRESSIVE;
				CLANG_CXX_LANGUAGE_STANDARD = "gnu++20";
				CLANG_ENABLE_MODULES = YES;
				CLANG_ENABLE_OBJC_ARC = YES;
				CLANG_ENABLE_OBJC_WEAK = YES;
				CLANG_WARN_BLOCK_CAPTURE_AUTORELEASING = YES;
				CLANG_WARN_BOOL_CONVERSION = YES;
				CLANG_WARN_COMMA = YES;
				CLANG_WARN_CONSTANT_CONVERSION = YES;
				CLANG_WARN_DEPRECATED_OBJC_IMPLEMENTATIONS = YES;
				CLANG_WARN_DIRECT_OBJC_ISA_USAGE = YES_ERROR;
				CLANG_WARN_DOCUMENTATION_COMMENTS = YES;
				CLANG_WARN_EMPTY_BODY = YES;
				CLANG_WARN_ENUM_CONVERSION = YES;
				CLANG_WARN_INFINITE_RECURSION = YES;
				CLANG_WARN_INT_CONVERSION = YES;
				CLANG_WARN_NON_LITERAL_NULL_CONVERSION = YES;
				CLANG_WARN_OBJC_IMPLICIT_RETAIN_SELF = YES;
				CLANG_WARN_OBJC_LITERAL_CONVERSION = YES;
				CLANG_WARN_OBJC_ROOT_CLASS = YES_ERROR;
				CLANG_WARN_QUOTED_INCLUDE_IN_FRAMEWORK_HEADER = YES;
				CLANG_WARN_RANGE_LOOP_ANALYSIS = YES;
				CLANG_WARN_STRICT_PROTOTYPES = YES;
				CLANG_WARN_SUSPICIOUS_MOVE = YES;
				CLANG_WARN_UNGUARDED_AVAILABILITY = YES_AGGRESSIVE;
				CLANG_WARN_UNREACHABLE_CODE = YES;
				CLANG_WARN__DUPLICATE_METHOD_MATCH = YES;
				COPY_PHASE_STRIP = NO;
				DEBUG_INFORMATION_FORMAT = dwarf;
				ENABLE_STRICT_OBJC_MSGSEND = YES;
				ENABLE_TESTABILITY = YES;
				ENABLE_USER_SCRIPT_SANDBOXING = YES;
				GCC_C_LANGUAGE_STANDARD = gnu17;
				GCC_DYNAMIC_NO_PIC = NO;
				GCC_NO_COMMON_BLOCKS = YES;
				GCC_OPTIMIZATION_LEVEL = 0;
				GCC_PREPROCESSOR_DEFINITIONS = (
					"DEBUG=1",
					"$(inherited)",
				);
				GCC_WARN_64_TO_32_BIT_CONVERSION = YES;
				GCC_WARN_ABOUT_RETURN_TYPE = YES_ERROR;
				GCC_WARN_UNDECLARED_SELECTOR = YES;
				GCC_WARN_UNINITIALIZED_AUTOS = YES_AGGRESSIVE;
				GCC_WARN_UNUSED_FUNCTION = YES;
				GCC_WARN_UNUSED_VARIABLE = YES;
				IPHONEOS_DEPLOYMENT_TARGET = 18.2;
				LOCALIZATION_PREFERS_STRING_CATALOGS = YES;
				MTL_ENABLE_DEBUG_INFO = INCLUDE_SOURCE;
				MTL_FAST_MATH = YES;
				ONLY_ACTIVE_ARCH = YES;
				SDKROOT = iphoneos;
				SWIFT_ACTIVE_COMPILATION_CONDITIONS = "DEBUG $(inherited)";
				SWIFT_OPTIMIZATION_LEVEL = "-Onone";
			};
			name = Debug;
		};
		FC5D102A2D3AB0B90075F3C1 /* Release */ = {
			isa = XCBuildConfiguration;
			buildSettings = {
				ALWAYS_SEARCH_USER_PATHS = NO;
				ASSETCATALOG_COMPILER_GENERATE_SWIFT_ASSET_SYMBOL_EXTENSIONS = YES;
				CLANG_ANALYZER_NONNULL = YES;
				CLANG_ANALYZER_NUMBER_OBJECT_CONVERSION = YES_AGGRESSIVE;
				CLANG_CXX_LANGUAGE_STANDARD = "gnu++20";
				CLANG_ENABLE_MODULES = YES;
				CLANG_ENABLE_OBJC_ARC = YES;
				CLANG_ENABLE_OBJC_WEAK = YES;
				CLANG_WARN_BLOCK_CAPTURE_AUTORELEASING = YES;
				CLANG_WARN_BOOL_CONVERSION = YES;
				CLANG_WARN_COMMA = YES;
				CLANG_WARN_CONSTANT_CONVERSION = YES;
				CLANG_WARN_DEPRECATED_OBJC_IMPLEMENTATIONS = YES;
				CLANG_WARN_DIRECT_OBJC_ISA_USAGE = YES_ERROR;
				CLANG_WARN_DOCUMENTATION_COMMENTS = YES;
				CLANG_WARN_EMPTY_BODY = YES;
				CLANG_WARN_ENUM_CONVERSION = YES;
				CLANG_WARN_INFINITE_RECURSION = YES;
				CLANG_WARN_INT_CONVERSION = YES;
				CLANG_WARN_NON_LITERAL_NULL_CONVERSION = YES;
				CLANG_WARN_OBJC_IMPLICIT_RETAIN_SELF = YES;
				CLANG_WARN_OBJC_LITERAL_CONVERSION = YES;
				CLANG_WARN_OBJC_ROOT_CLASS = YES_ERROR;
				CLANG_WARN_QUOTED_INCLUDE_IN_FRAMEWORK_HEADER = YES;
				CLANG_WARN_RANGE_LOOP_ANALYSIS = YES;
				CLANG_WARN_STRICT_PROTOTYPES = YES;
				CLANG_WARN_SUSPICIOUS_MOVE = YES;
				CLANG_WARN_UNGUARDED_AVAILABILITY = YES_AGGRESSIVE;
				CLANG_WARN_UNREACHABLE_CODE = YES;
				CLANG_WARN__DUPLICATE_METHOD_MATCH = YES;
				COPY_PHASE_STRIP = NO;
				DEBUG_INFORMATION_FORMAT = "dwarf-with-dsym";
				ENABLE_NS_ASSERTIONS = NO;
				ENABLE_STRICT_OBJC_MSGSEND = YES;
				ENABLE_USER_SCRIPT_SANDBOXING = YES;
				GCC_C_LANGUAGE_STANDARD = gnu17;
				GCC_NO_COMMON_BLOCKS = YES;
				GCC_WARN_64_TO_32_BIT_CONVERSION = YES;
				GCC_WARN_ABOUT_RETURN_TYPE = YES_ERROR;
				GCC_WARN_UNDECLARED_SELECTOR = YES;
				GCC_WARN_UNINITIALIZED_AUTOS = YES_AGGRESSIVE;
				GCC_WARN_UNUSED_FUNCTION = YES;
				GCC_WARN_UNUSED_VARIABLE = YES;
				IPHONEOS_DEPLOYMENT_TARGET = 18.2;
				LOCALIZATION_PREFERS_STRING_CATALOGS = YES;
				MTL_ENABLE_DEBUG_INFO = NO;
				MTL_FAST_MATH = YES;
				SDKROOT = iphoneos;
				SWIFT_COMPILATION_MODE = wholemodule;
				VALIDATE_PRODUCT = YES;
			};
			name = Release;
		};
		FC5D102C2D3AB0B90075F3C1 /* Debug */ = {
			isa = XCBuildConfiguration;
			buildSettings = {
				ASSETCATALOG_COMPILER_APPICON_NAME = AppIcon;
				ASSETCATALOG_COMPILER_GLOBAL_ACCENT_COLOR_NAME = AccentColor;
				CODE_SIGN_STYLE = Automatic;
				CURRENT_PROJECT_VERSION = 1;
				DEVELOPMENT_ASSET_PATHS = "\"TDD Demo/Preview Content\"";
				DEVELOPMENT_TEAM = 3K2SH8U42L;
				ENABLE_PREVIEWS = YES;
				GENERATE_INFOPLIST_FILE = YES;
				INFOPLIST_KEY_UIApplicationSceneManifest_Generation = YES;
				INFOPLIST_KEY_UIApplicationSupportsIndirectInputEvents = YES;
				INFOPLIST_KEY_UILaunchScreen_Generation = YES;
				INFOPLIST_KEY_UISupportedInterfaceOrientations_iPad = "UIInterfaceOrientationPortrait UIInterfaceOrientationPortraitUpsideDown UIInterfaceOrientationLandscapeLeft UIInterfaceOrientationLandscapeRight";
				INFOPLIST_KEY_UISupportedInterfaceOrientations_iPhone = "UIInterfaceOrientationPortrait UIInterfaceOrientationLandscapeLeft UIInterfaceOrientationLandscapeRight";
				LD_RUNPATH_SEARCH_PATHS = (
					"$(inherited)",
					"@executable_path/Frameworks",
				);
				MARKETING_VERSION = 1.0;
				PRODUCT_BUNDLE_IDENTIFIER = "com.kevinbjornberg.TDD-Demo";
				PRODUCT_NAME = "$(TARGET_NAME)";
				SWIFT_EMIT_LOC_STRINGS = YES;
				SWIFT_VERSION = 5.0;
				TARGETED_DEVICE_FAMILY = "1,2";
			};
			name = Debug;
		};
		FC5D102D2D3AB0B90075F3C1 /* Release */ = {
			isa = XCBuildConfiguration;
			buildSettings = {
				ASSETCATALOG_COMPILER_APPICON_NAME = AppIcon;
				ASSETCATALOG_COMPILER_GLOBAL_ACCENT_COLOR_NAME = AccentColor;
				CODE_SIGN_STYLE = Automatic;
				CURRENT_PROJECT_VERSION = 1;
				DEVELOPMENT_ASSET_PATHS = "\"TDD Demo/Preview Content\"";
				DEVELOPMENT_TEAM = 3K2SH8U42L;
				ENABLE_PREVIEWS = YES;
				GENERATE_INFOPLIST_FILE = YES;
				INFOPLIST_KEY_UIApplicationSceneManifest_Generation = YES;
				INFOPLIST_KEY_UIApplicationSupportsIndirectInputEvents = YES;
				INFOPLIST_KEY_UILaunchScreen_Generation = YES;
				INFOPLIST_KEY_UISupportedInterfaceOrientations_iPad = "UIInterfaceOrientationPortrait UIInterfaceOrientationPortraitUpsideDown UIInterfaceOrientationLandscapeLeft UIInterfaceOrientationLandscapeRight";
				INFOPLIST_KEY_UISupportedInterfaceOrientations_iPhone = "UIInterfaceOrientationPortrait UIInterfaceOrientationLandscapeLeft UIInterfaceOrientationLandscapeRight";
				LD_RUNPATH_SEARCH_PATHS = (
					"$(inherited)",
					"@executable_path/Frameworks",
				);
				MARKETING_VERSION = 1.0;
				PRODUCT_BUNDLE_IDENTIFIER = "com.kevinbjornberg.TDD-Demo";
				PRODUCT_NAME = "$(TARGET_NAME)";
				SWIFT_EMIT_LOC_STRINGS = YES;
				SWIFT_VERSION = 5.0;
				TARGETED_DEVICE_FAMILY = "1,2";
			};
			name = Release;
		};
		FC5D102F2D3AB0B90075F3C1 /* Debug */ = {
			isa = XCBuildConfiguration;
			buildSettings = {
				BUNDLE_LOADER = "$(TEST_HOST)";
				CODE_SIGN_STYLE = Automatic;
				CURRENT_PROJECT_VERSION = 1;
				DEVELOPMENT_TEAM = 3K2SH8U42L;
				GENERATE_INFOPLIST_FILE = YES;
				IPHONEOS_DEPLOYMENT_TARGET = 18.2;
				MARKETING_VERSION = 1.0;
				PRODUCT_BUNDLE_IDENTIFIER = "com.dylanlouder.TDD-DemoTests";
				PRODUCT_NAME = "$(TARGET_NAME)";
				SWIFT_EMIT_LOC_STRINGS = NO;
				SWIFT_VERSION = 5.0;
				TARGETED_DEVICE_FAMILY = "1,2";
				TEST_HOST = "$(BUILT_PRODUCTS_DIR)/TDD Demo.app/$(BUNDLE_EXECUTABLE_FOLDER_PATH)/TDD Demo";
			};
			name = Debug;
		};
		FC5D10302D3AB0B90075F3C1 /* Release */ = {
			isa = XCBuildConfiguration;
			buildSettings = {
				BUNDLE_LOADER = "$(TEST_HOST)";
				CODE_SIGN_STYLE = Automatic;
				CURRENT_PROJECT_VERSION = 1;
				DEVELOPMENT_TEAM = 3K2SH8U42L;
				GENERATE_INFOPLIST_FILE = YES;
				IPHONEOS_DEPLOYMENT_TARGET = 18.2;
				MARKETING_VERSION = 1.0;
				PRODUCT_BUNDLE_IDENTIFIER = "com.dylanlouder.TDD-DemoTests";
				PRODUCT_NAME = "$(TARGET_NAME)";
				SWIFT_EMIT_LOC_STRINGS = NO;
				SWIFT_VERSION = 5.0;
				TARGETED_DEVICE_FAMILY = "1,2";
				TEST_HOST = "$(BUILT_PRODUCTS_DIR)/TDD Demo.app/$(BUNDLE_EXECUTABLE_FOLDER_PATH)/TDD Demo";
			};
			name = Release;
		};
		FC5D10322D3AB0B90075F3C1 /* Debug */ = {
			isa = XCBuildConfiguration;
			buildSettings = {
				CODE_SIGN_STYLE = Automatic;
				CURRENT_PROJECT_VERSION = 1;
				DEVELOPMENT_TEAM = 3K2SH8U42L;
				GENERATE_INFOPLIST_FILE = YES;
				MARKETING_VERSION = 1.0;
				PRODUCT_BUNDLE_IDENTIFIER = "com.dylanlouder.TDD-DemoUITests";
				PRODUCT_NAME = "$(TARGET_NAME)";
				SWIFT_EMIT_LOC_STRINGS = NO;
				SWIFT_VERSION = 5.0;
				TARGETED_DEVICE_FAMILY = "1,2";
				TEST_TARGET_NAME = "TDD Demo";
			};
			name = Debug;
		};
		FC5D10332D3AB0B90075F3C1 /* Release */ = {
			isa = XCBuildConfiguration;
			buildSettings = {
				CODE_SIGN_STYLE = Automatic;
				CURRENT_PROJECT_VERSION = 1;
				DEVELOPMENT_TEAM = 3K2SH8U42L;
				GENERATE_INFOPLIST_FILE = YES;
				MARKETING_VERSION = 1.0;
				PRODUCT_BUNDLE_IDENTIFIER = "com.dylanlouder.TDD-DemoUITests";
				PRODUCT_NAME = "$(TARGET_NAME)";
				SWIFT_EMIT_LOC_STRINGS = NO;
				SWIFT_VERSION = 5.0;
				TARGETED_DEVICE_FAMILY = "1,2";
				TEST_TARGET_NAME = "TDD Demo";
			};
			name = Release;
		};
/* End XCBuildConfiguration section */

/* Begin XCConfigurationList section */
		FC5D10022D3AB0B30075F3C1 /* Build configuration list for PBXProject "TDD Demo" */ = {
			isa = XCConfigurationList;
			buildConfigurations = (
				FC5D10292D3AB0B90075F3C1 /* Debug */,
				FC5D102A2D3AB0B90075F3C1 /* Release */,
			);
			defaultConfigurationIsVisible = 0;
			defaultConfigurationName = Release;
		};
		FC5D102B2D3AB0B90075F3C1 /* Build configuration list for PBXNativeTarget "TDD Demo" */ = {
			isa = XCConfigurationList;
			buildConfigurations = (
				FC5D102C2D3AB0B90075F3C1 /* Debug */,
				FC5D102D2D3AB0B90075F3C1 /* Release */,
			);
			defaultConfigurationIsVisible = 0;
			defaultConfigurationName = Release;
		};
		FC5D102E2D3AB0B90075F3C1 /* Build configuration list for PBXNativeTarget "TDD DemoTests" */ = {
			isa = XCConfigurationList;
			buildConfigurations = (
				FC5D102F2D3AB0B90075F3C1 /* Debug */,
				FC5D10302D3AB0B90075F3C1 /* Release */,
			);
			defaultConfigurationIsVisible = 0;
			defaultConfigurationName = Release;
		};
		FC5D10312D3AB0B90075F3C1 /* Build configuration list for PBXNativeTarget "TDD DemoUITests" */ = {
			isa = XCConfigurationList;
			buildConfigurations = (
				FC5D10322D3AB0B90075F3C1 /* Debug */,
				FC5D10332D3AB0B90075F3C1 /* Release */,
			);
			defaultConfigurationIsVisible = 0;
			defaultConfigurationName = Release;
		};
/* End XCConfigurationList section */
	};
	rootObject = FC5D0FFF2D3AB0B30075F3C1 /* Project object */;
}
